
Microsoft Visual Studio Solution File, Format Version 12.00
# Visual Studio Version 17
VisualStudioVersion = 17.10.34928.147
MinimumVisualStudioVersion = 10.0.40219.1
Project("{FAE04EC0-301F-11D3-BF4B-00C04F79EFBC}") = "包装计算", "包装计算.csproj", "{98E2791A-BD36-456C-AB81-278F16ED5574}"
EndProject
Global
	GlobalSection(SolutionConfigurationPlatforms) = preSolution
		Debug|Any CPU = Debug|Any CPU
		Release|Any CPU = Release|Any CPU
	EndGlobalSection
	GlobalSection(ProjectConfigurationPlatforms) = postSolution
		{98E2791A-BD36-456C-AB81-278F16ED5574}.Debug|Any CPU.ActiveCfg = Debug|Any CPU
		{98E2791A-BD36-456C-AB81-278F16ED5574}.Debug|Any CPU.Build.0 = Debug|Any CPU
		{98E2791A-BD36-456C-AB81-278F16ED5574}.Release|Any CPU.ActiveCfg = Release|Any CPU
		{98E2791A-BD36-456C-AB81-278F16ED5574}.Release|Any CPU.Build.0 = Release|Any CPU
	EndGlobalSection
	GlobalSection(SolutionProperties) = preSolution
		HideSolutionNode = FALSE
	EndGlobalSection
	GlobalSection(ExtensibilityGlobals) = postSolution
		SolutionGuid = {7D619653-986D-4E8F-B855-88474FB7199D}
	EndGlobalSection
EndGlobal
